
Microsoft Visual Studio Solution File, Format Version 12.00
# Visual Studio Version 16
VisualStudioVersion = 16.0.30711.63
MinimumVisualStudioVersion = 10.0.40219.1
Project("{9A19103F-16F7-4668-BE54-9A1E7A4F7556}") = "OdeToFood", "OdeToFood\OdeToFood.csproj", "{31CAC72E-CFDF-4211-BCD8-E0574F590958}"
EndProject
Project("{9A19103F-16F7-4668-BE54-9A1E7A4F7556}") = "OdeToFood.Core", "OdeToFood.Core\OdeToFood.Core.csproj", "{7F19B5D9-D716-412C-A98F-CB333BDBEF52}"
EndProject
Project("{9A19103F-16F7-4668-BE54-9A1E7A4F7556}") = "OdeToFood.Data", "OdeToFood.Data\OdeToFood.Data.csproj", "{A15E5D49-DD3F-4D72-9DE6-29E301C9330E}"
EndProject
Global
	GlobalSection(SolutionConfigurationPlatforms) = preSolution
		Debug|Any CPU = Debug|Any CPU
		Release|Any CPU = Release|Any CPU
	EndGlobalSection
	GlobalSection(ProjectConfigurationPlatforms) = postSolution
		{31CAC72E-CFDF-4211-BCD8-E0574F590958}.Debug|Any CPU.ActiveCfg = Debug|Any CPU
		{31CAC72E-CFDF-4211-BCD8-E0574F590958}.Debug|Any CPU.Build.0 = Debug|Any CPU
		{31CAC72E-CFDF-4211-BCD8-E0574F590958}.Release|Any CPU.ActiveCfg = Release|Any CPU
		{31CAC72E-CFDF-4211-BCD8-E0574F590958}.Release|Any CPU.Build.0 = Release|Any CPU
		{7F19B5D9-D716-412C-A98F-CB333BDBEF52}.Debug|Any CPU.ActiveCfg = Debug|Any CPU
		{7F19B5D9-D716-412C-A98F-CB333BDBEF52}.Debug|Any CPU.Build.0 = Debug|Any CPU
		{7F19B5D9-D716-412C-A98F-CB333BDBEF52}.Release|Any CPU.ActiveCfg = Release|Any CPU
		{7F19B5D9-D716-412C-A98F-CB333BDBEF52}.Release|Any CPU.Build.0 = Release|Any CPU
		{A15E5D49-DD3F-4D72-9DE6-29E301C9330E}.Debug|Any CPU.ActiveCfg = Debug|Any CPU
		{A15E5D49-DD3F-4D72-9DE6-29E301C9330E}.Debug|Any CPU.Build.0 = Debug|Any CPU
		{A15E5D49-DD3F-4D72-9DE6-29E301C9330E}.Release|Any CPU.ActiveCfg = Release|Any CPU
		{A15E5D49-DD3F-4D72-9DE6-29E301C9330E}.Release|Any CPU.Build.0 = Release|Any CPU
	EndGlobalSection
	GlobalSection(SolutionProperties) = preSolution
		HideSolutionNode = FALSE
	EndGlobalSection
	GlobalSection(ExtensibilityGlobals) = postSolution
		SolutionGuid = {1AB0868B-F270-43C4-9653-5D96DFD3B3D6}
	EndGlobalSection
EndGlobal
